// !$*UTF8*$!
{
	archiveVersion = 1;
	classes = {
	};
	objectVersion = 50;
	objects = {

/* Begin PBXBuildFile section */
		46AFF29524127E5B009D5EE2 /* MyRequestController.swift in Sources */ = {isa = PBXBuildFile; fileRef = 46AFF29424127E5B009D5EE2 /* MyRequestController.swift */; };
		46FEC91D240F25E90086580A /* AppDelegate.swift in Sources */ = {isa = PBXBuildFile; fileRef = 46FEC91C240F25E90086580A /* AppDelegate.swift */; };
		46FEC91F240F25E90086580A /* SceneDelegate.swift in Sources */ = {isa = PBXBuildFile; fileRef = 46FEC91E240F25E90086580A /* SceneDelegate.swift */; };
		46FEC921240F25E90086580A /* ViewController.swift in Sources */ = {isa = PBXBuildFile; fileRef = 46FEC920240F25E90086580A /* ViewController.swift */; };
		46FEC924240F25E90086580A /* Main.storyboard in Resources */ = {isa = PBXBuildFile; fileRef = 46FEC922240F25E90086580A /* Main.storyboard */; };
		46FEC926240F25EB0086580A /* Assets.xcassets in Resources */ = {isa = PBXBuildFile; fileRef = 46FEC925240F25EB0086580A /* Assets.xcassets */; };
		46FEC929240F25EB0086580A /* LaunchScreen.storyboard in Resources */ = {isa = PBXBuildFile; fileRef = 46FEC927240F25EB0086580A /* LaunchScreen.storyboard */; };
		46FEC933240F26000086580A /* CloudKit.framework in Frameworks */ = {isa = PBXBuildFile; fileRef = 46FEC932240F26000086580A /* CloudKit.framework */; };
/* End PBXBuildFile section */

/* Begin PBXFileReference section */
		46AFF29424127E5B009D5EE2 /* MyRequestController.swift */ = {isa = PBXFileReference; fileEncoding = 4; lastKnownFileType = sourcecode.swift; name = MyRequestController.swift; path = ../../../../../../../../../../Desktop/MyRequestController.swift; sourceTree = "<group>"; };
		46FEC919240F25E90086580A /* InsertIntoIpad.app */ = {isa = PBXFileReference; explicitFileType = wrapper.application; includeInIndex = 0; path = InsertIntoIpad.app; sourceTree = BUILT_PRODUCTS_DIR; };
		46FEC91C240F25E90086580A /* AppDelegate.swift */ = {isa = PBXFileReference; lastKnownFileType = sourcecode.swift; path = AppDelegate.swift; sourceTree = "<group>"; };
		46FEC91E240F25E90086580A /* SceneDelegate.swift */ = {isa = PBXFileReference; lastKnownFileType = sourcecode.swift; path = SceneDelegate.swift; sourceTree = "<group>"; };
		46FEC920240F25E90086580A /* ViewController.swift */ = {isa = PBXFileReference; lastKnownFileType = sourcecode.swift; path = ViewController.swift; sourceTree = "<group>"; };
		46FEC923240F25E90086580A /* Base */ = {isa = PBXFileReference; lastKnownFileType = file.storyboard; name = Base; path = Base.lproj/Main.storyboard; sourceTree = "<group>"; };
		46FEC925240F25EB0086580A /* Assets.xcassets */ = {isa = PBXFileReference; lastKnownFileType = folder.assetcatalog; path = Assets.xcassets; sourceTree = "<group>"; };
		46FEC928240F25EB0086580A /* Base */ = {isa = PBXFileReference; lastKnownFileType = file.storyboard; name = Base; path = Base.lproj/LaunchScreen.storyboard; sourceTree = "<group>"; };
		46FEC92A240F25EB0086580A /* Info.plist */ = {isa = PBXFileReference; lastKnownFileType = text.plist.xml; path = Info.plist; sourceTree = "<group>"; };
		46FEC930240F25FB0086580A /* InsertIntoIpad.entitlements */ = {isa = PBXFileReference; lastKnownFileType = text.plist.entitlements; path = InsertIntoIpad.entitlements; sourceTree = "<group>"; };
		46FEC932240F26000086580A /* CloudKit.framework */ = {isa = PBXFileReference; lastKnownFileType = wrapper.framework; name = CloudKit.framework; path = System/Library/Frameworks/CloudKit.framework; sourceTree = SDKROOT; };
/* End PBXFileReference section */

/* Begin PBXFrameworksBuildPhase section */
		46FEC916240F25E90086580A /* Frameworks */ = {
			isa = PBXFrameworksBuildPhase;
			buildActionMask = 2147483647;
			files = (
				46FEC933240F26000086580A /* CloudKit.framework in Frameworks */,
			);
			runOnlyForDeploymentPostprocessing = 0;
		};
/* End PBXFrameworksBuildPhase section */

/* Begin PBXGroup section */
		46FEC910240F25E90086580A = {
			isa = PBXGroup;
			children = (
				46FEC91B240F25E90086580A /* InsertIntoIpad */,
				46FEC91A240F25E90086580A /* Products */,
				46FEC931240F26000086580A /* Frameworks */,
			);
			sourceTree = "<group>";
		};
		46FEC91A240F25E90086580A /* Products */ = {
			isa = PBXGroup;
			children = (
				46FEC919240F25E90086580A /* InsertIntoIpad.app */,
			);
			name = Products;
			sourceTree = "<group>";
		};
		46FEC91B240F25E90086580A /* InsertIntoIpad */ = {
			isa = PBXGroup;
			children = (
				46FEC930240F25FB0086580A /* InsertIntoIpad.entitlements */,
				46FEC91C240F25E90086580A /* AppDelegate.swift */,
				46FEC91E240F25E90086580A /* SceneDelegate.swift */,
				46FEC920240F25E90086580A /* ViewController.swift */,
				46AFF29424127E5B009D5EE2 /* MyRequestController.swift */,
				46FEC922240F25E90086580A /* Main.storyboard */,
				46FEC925240F25EB0086580A /* Assets.xcassets */,
				46FEC927240F25EB0086580A /* LaunchScreen.storyboard */,
				46FEC92A240F25EB0086580A /* Info.plist */,
			);
			path = InsertIntoIpad;
			sourceTree = "<group>";
		};
		46FEC931240F26000086580A /* Frameworks */ = {
			isa = PBXGroup;
			children = (
				46FEC932240F26000086580A /* CloudKit.framework */,
			);
			name = Frameworks;
			sourceTree = "<group>";
		};
/* End PBXGroup section */

/* Begin PBXNativeTarget section */
		46FEC918240F25E90086580A /* InsertIntoIpad */ = {
			isa = PBXNativeTarget;
			buildConfigurationList = 46FEC92D240F25EB0086580A /* Build configuration list for PBXNativeTarget "InsertIntoIpad" */;
			buildPhases = (
				46FEC915240F25E90086580A /* Sources */,
				46FEC916240F25E90086580A /* Frameworks */,
				46FEC917240F25E90086580A /* Resources */,
			);
			buildRules = (
			);
			dependencies = (
			);
			name = InsertIntoIpad;
			productName = InsertIntoIpad;
			productReference = 46FEC919240F25E90086580A /* InsertIntoIpad.app */;
			productType = "com.apple.product-type.application";
		};
/* End PBXNativeTarget section */

/* Begin PBXProject section */
		46FEC911240F25E90086580A /* Project object */ = {
			isa = PBXProject;
			attributes = {
				LastSwiftUpdateCheck = 1130;
				LastUpgradeCheck = 1130;
				ORGANIZATIONNAME = DevelopItSolutions;
				TargetAttributes = {
					46FEC918240F25E90086580A = {
						CreatedOnToolsVersion = 11.3.1;
					};
				};
			};
			buildConfigurationList = 46FEC914240F25E90086580A /* Build configuration list for PBXProject "InsertIntoIpad" */;
			compatibilityVersion = "Xcode 9.3";
			developmentRegion = en;
			hasScannedForEncodings = 0;
			knownRegions = (
				en,
				Base,
			);
			mainGroup = 46FEC910240F25E90086580A;
			productRefGroup = 46FEC91A240F25E90086580A /* Products */;
			projectDirPath = "";
			projectRoot = "";
			targets = (
				46FEC918240F25E90086580A /* InsertIntoIpad */,
			);
		};
/* End PBXProject section */

/* Begin PBXResourcesBuildPhase section */
		46FEC917240F25E90086580A /* Resources */ = {
			isa = PBXResourcesBuildPhase;
			buildActionMask = 2147483647;
			files = (
				46FEC929240F25EB0086580A /* LaunchScreen.storyboard in Resources */,
				46FEC926240F25EB0086580A /* Assets.xcassets in Resources */,
				46FEC924240F25E90086580A /* Main.storyboard in Resources */,
			);
			runOnlyForDeploymentPostprocessing = 0;
		};
/* End PBXResourcesBuildPhase section */

/* Begin PBXSourcesBuildPhase section */
		46FEC915240F25E90086580A /* Sources */ = {
			isa = PBXSourcesBuildPhase;
			buildActionMask = 2147483647;
			files = (
				46FEC921240F25E90086580A /* ViewController.swift in Sources */,
				46FEC91D240F25E90086580A /* AppDelegate.swift in Sources */,
				46FEC91F240F25E90086580A /* SceneDelegate.swift in Sources */,
				46AFF29524127E5B009D5EE2 /* MyRequestController.swift in Sources */,
			);
			runOnlyForDeploymentPostprocessing = 0;
		};
/* End PBXSourcesBuildPhase section */

/* Begin PBXVariantGroup section */
		46FEC922240F25E90086580A /* Main.storyboard */ = {
			isa = PBXVariantGroup;
			children = (
				46FEC923240F25E90086580A /* Base */,
			);
			name = Main.storyboard;
			sourceTree = "<group>";
		};
		46FEC927240F25EB0086580A /* LaunchScreen.storyboard */ = {
			isa = PBXVariantGroup;
			children = (
				46FEC928240F25EB0086580A /* Base */,
			);
			name = LaunchScreen.storyboard;
			sourceTree = "<group>";
		};
/* End PBXVariantGroup section */

/* Begin XCBuildConfiguration section */
		46FEC92B240F25EB0086580A /* Debug */ = {
			isa = XCBuildConfiguration;
			buildSettings = {
				ALWAYS_SEARCH_USER_PATHS = NO;
				CLANG_ANALYZER_NONNULL = YES;
				CLANG_ANALYZER_NUMBER_OBJECT_CONVERSION = YES_AGGRESSIVE;
				CLANG_CXX_LANGUAGE_STANDARD = "gnu++14";
				CLANG_CXX_LIBRARY = "libc++";
				CLANG_ENABLE_MODULES = YES;
				CLANG_ENABLE_OBJC_ARC = YES;
				CLANG_ENABLE_OBJC_WEAK = YES;
				CLANG_WARN_BLOCK_CAPTURE_AUTORELEASING = YES;
				CLANG_WARN_BOOL_CONVERSION = YES;
				CLANG_WARN_COMMA = YES;
				CLANG_WARN_CONSTANT_CONVERSION = YES;
				CLANG_WARN_DEPRECATED_OBJC_IMPLEMENTATIONS = YES;
				CLANG_WARN_DIRECT_OBJC_ISA_USAGE = YES_ERROR;
				CLANG_WARN_DOCUMENTATION_COMMENTS = YES;
				CLANG_WARN_EMPTY_BODY = YES;
				CLANG_WARN_ENUM_CONVERSION = YES;
				CLANG_WARN_INFINITE_RECURSION = YES;
				CLANG_WARN_INT_CONVERSION = YES;
				CLANG_WARN_NON_LITERAL_NULL_CONVERSION = YES;
				CLANG_WARN_OBJC_IMPLICIT_RETAIN_SELF = YES;
				CLANG_WARN_OBJC_LITERAL_CONVERSION = YES;
				CLANG_WARN_OBJC_ROOT_CLASS = YES_ERROR;
				CLANG_WARN_RANGE_LOOP_ANALYSIS = YES;
				CLANG_WARN_STRICT_PROTOTYPES = YES;
				CLANG_WARN_SUSPICIOUS_MOVE = YES;
				CLANG_WARN_UNGUARDED_AVAILABILITY = YES_AGGRESSIVE;
				CLANG_WARN_UNREACHABLE_CODE = YES;
				CLANG_WARN__DUPLICATE_METHOD_MATCH = YES;
				COPY_PHASE_STRIP = NO;
				DEBUG_INFORMATION_FORMAT = dwarf;
				ENABLE_STRICT_OBJC_MSGSEND = YES;
				ENABLE_TESTABILITY = YES;
				GCC_C_LANGUAGE_STANDARD = gnu11;
				GCC_DYNAMIC_NO_PIC = NO;
				GCC_NO_COMMON_BLOCKS = YES;
				GCC_OPTIMIZATION_LEVEL = 0;
				GCC_PREPROCESSOR_DEFINITIONS = (
					"DEBUG=1",
					"$(inherited)",
				);
				GCC_WARN_64_TO_32_BIT_CONVERSION = YES;
				GCC_WARN_ABOUT_RETURN_TYPE = YES_ERROR;
				GCC_WARN_UNDECLARED_SELECTOR = YES;
				GCC_WARN_UNINITIALIZED_AUTOS = YES_AGGRESSIVE;
				GCC_WARN_UNUSED_FUNCTION = YES;
				GCC_WARN_UNUSED_VARIABLE = YES;
				IPHONEOS_DEPLOYMENT_TARGET = 13.2;
				MTL_ENABLE_DEBUG_INFO = INCLUDE_SOURCE;
				MTL_FAST_MATH = YES;
				ONLY_ACTIVE_ARCH = YES;
				SDKROOT = iphoneos;
				SWIFT_ACTIVE_COMPILATION_CONDITIONS = DEBUG;
				SWIFT_OPTIMIZATION_LEVEL = "-Onone";
			};
			name = Debug;
		};
		46FEC92C240F25EB0086580A /* Release */ = {
			isa = XCBuildConfiguration;
			buildSettings = {
				ALWAYS_SEARCH_USER_PATHS = NO;
				CLANG_ANALYZER_NONNULL = YES;
				CLANG_ANALYZER_NUMBER_OBJECT_CONVERSION = YES_AGGRESSIVE;
				CLANG_CXX_LANGUAGE_STANDARD = "gnu++14";
				CLANG_CXX_LIBRARY = "libc++";
				CLANG_ENABLE_MODULES = YES;
				CLANG_ENABLE_OBJC_ARC = YES;
				CLANG_ENABLE_OBJC_WEAK = YES;
				CLANG_WARN_BLOCK_CAPTURE_AUTORELEASING = YES;
				CLANG_WARN_BOOL_CONVERSION = YES;
				CLANG_WARN_COMMA = YES;
				CLANG_WARN_CONSTANT_CONVERSION = YES;
				CLANG_WARN_DEPRECATED_OBJC_IMPLEMENTATIONS = YES;
				CLANG_WARN_DIRECT_OBJC_ISA_USAGE = YES_ERROR;
				CLANG_WARN_DOCUMENTATION_COMMENTS = YES;
				CLANG_WARN_EMPTY_BODY = YES;
				CLANG_WARN_ENUM_CONVERSION = YES;
				CLANG_WARN_INFINITE_RECURSION = YES;
				CLANG_WARN_INT_CONVERSION = YES;
				CLANG_WARN_NON_LITERAL_NULL_CONVERSION = YES;
				CLANG_WARN_OBJC_IMPLICIT_RETAIN_SELF = YES;
				CLANG_WARN_OBJC_LITERAL_CONVERSION = YES;
				CLANG_WARN_OBJC_ROOT_CLASS = YES_ERROR;
				CLANG_WARN_RANGE_LOOP_ANALYSIS = YES;
				CLANG_WARN_STRICT_PROTOTYPES = YES;
				CLANG_WARN_SUSPICIOUS_MOVE = YES;
				CLANG_WARN_UNGUARDED_AVAILABILITY = YES_AGGRESSIVE;
				CLANG_WARN_UNREACHABLE_CODE = YES;
				CLANG_WARN__DUPLICATE_METHOD_MATCH = YES;
				COPY_PHASE_STRIP = NO;
				DEBUG_INFORMATION_FORMAT = "dwarf-with-dsym";
				ENABLE_NS_ASSERTIONS = NO;
				ENABLE_STRICT_OBJC_MSGSEND = YES;
				GCC_C_LANGUAGE_STANDARD = gnu11;
				GCC_NO_COMMON_BLOCKS = YES;
				GCC_WARN_64_TO_32_BIT_CONVERSION = YES;
				GCC_WARN_ABOUT_RETURN_TYPE = YES_ERROR;
				GCC_WARN_UNDECLARED_SELECTOR = YES;
				GCC_WARN_UNINITIALIZED_AUTOS = YES_AGGRESSIVE;
				GCC_WARN_UNUSED_FUNCTION = YES;
				GCC_WARN_UNUSED_VARIABLE = YES;
				IPHONEOS_DEPLOYMENT_TARGET = 13.2;
				MTL_ENABLE_DEBUG_INFO = NO;
				MTL_FAST_MATH = YES;
				SDKROOT = iphoneos;
				SWIFT_COMPILATION_MODE = wholemodule;
				SWIFT_OPTIMIZATION_LEVEL = "-O";
				VALIDATE_PRODUCT = YES;
			};
			name = Release;
		};
		46FEC92E240F25EB0086580A /* Debug */ = {
			isa = XCBuildConfiguration;
			buildSettings = {
				ASSETCATALOG_COMPILER_APPICON_NAME = AppIcon;
				CODE_SIGN_ENTITLEMENTS = InsertIntoIpad/InsertIntoIpad.entitlements;
				CODE_SIGN_STYLE = Automatic;
				DEVELOPMENT_TEAM = MZ552MTEJZ;
				INFOPLIST_FILE = InsertIntoIpad/Info.plist;
				LD_RUNPATH_SEARCH_PATHS = (
					"$(inherited)",
					"@executable_path/Frameworks",
				);
				PRODUCT_BUNDLE_IDENTIFIER = com.developItSolutions.InsertIntoIpad;
				PRODUCT_NAME = "$(TARGET_NAME)";
				SWIFT_VERSION = 5.0;
				TARGETED_DEVICE_FAMILY = "1,2";
			};
			name = Debug;
		};
		46FEC92F240F25EB0086580A /* Release */ = {
			isa = XCBuildConfiguration;
			buildSettings = {
				ASSETCATALOG_COMPILER_APPICON_NAME = AppIcon;
				CODE_SIGN_ENTITLEMENTS = InsertIntoIpad/InsertIntoIpad.entitlements;
				CODE_SIGN_STYLE = Automatic;
				DEVELOPMENT_TEAM = MZ552MTEJZ;
				INFOPLIST_FILE = InsertIntoIpad/Info.plist;
				LD_RUNPATH_SEARCH_PATHS = (
					"$(inherited)",
					"@executable_path/Frameworks",
				);
				PRODUCT_BUNDLE_IDENTIFIER = com.developItSolutions.InsertIntoIpad;
				PRODUCT_NAME = "$(TARGET_NAME)";
				SWIFT_VERSION = 5.0;
				TARGETED_DEVICE_FAMILY = "1,2";
			};
			name = Release;
		};
/* End XCBuildConfiguration section */

/* Begin XCConfigurationList section */
		46FEC914240F25E90086580A /* Build configuration list for PBXProject "InsertIntoIpad" */ = {
			isa = XCConfigurationList;
			buildConfigurations = (
				46FEC92B240F25EB0086580A /* Debug */,
				46FEC92C240F25EB0086580A /* Release */,
			);
			defaultConfigurationIsVisible = 0;
			defaultConfigurationName = Release;
		};
		46FEC92D240F25EB0086580A /* Build configuration list for PBXNativeTarget "InsertIntoIpad" */ = {
			isa = XCConfigurationList;
			buildConfigurations = (
				46FEC92E240F25EB0086580A /* Debug */,
				46FEC92F240F25EB0086580A /* Release */,
			);
			defaultConfigurationIsVisible = 0;
			defaultConfigurationName = Release;
		};
/* End XCConfigurationList section */
	};
	rootObject = 46FEC911240F25E90086580A /* Project object */;
}
